// !$*UTF8*$!
{
	archiveVersion = 1;
	classes = {
	};
	objectVersion = 48;
	objects = {

/* Begin PBXBuildFile section */
		3F4531B5219289A900E7E320 /* YTLeftPushViewController.m in Sources */ = {isa = PBXBuildFile; fileRef = 3F4531B4219289A900E7E320 /* YTLeftPushViewController.m */; };
		3F7B8C4C214A40AB00F36277 /* AppDelegate.m in Sources */ = {isa = PBXBuildFile; fileRef = 3F7B8C4B214A40AB00F36277 /* AppDelegate.m */; };
		3F7B8C4F214A40AB00F36277 /* ViewController.m in Sources */ = {isa = PBXBuildFile; fileRef = 3F7B8C4E214A40AB00F36277 /* ViewController.m */; };
		3F7B8C52214A40AB00F36277 /* Main.storyboard in Resources */ = {isa = PBXBuildFile; fileRef = 3F7B8C50214A40AB00F36277 /* Main.storyboard */; };
		3F7B8C54214A40AB00F36277 /* Assets.xcassets in Resources */ = {isa = PBXBuildFile; fileRef = 3F7B8C53214A40AB00F36277 /* Assets.xcassets */; };
		3F7B8C57214A40AB00F36277 /* LaunchScreen.storyboard in Resources */ = {isa = PBXBuildFile; fileRef = 3F7B8C55214A40AB00F36277 /* LaunchScreen.storyboard */; };
		3F7B8C5A214A40AB00F36277 /* main.m in Sources */ = {isa = PBXBuildFile; fileRef = 3F7B8C59214A40AB00F36277 /* main.m */; };
		3F7B8C62214A423B00F36277 /* YTTabBarViewController.m in Sources */ = {isa = PBXBuildFile; fileRef = 3F7B8C61214A423B00F36277 /* YTTabBarViewController.m */; };
		3F7B8C65214A42A300F36277 /* YTNavigationViewController.m in Sources */ = {isa = PBXBuildFile; fileRef = 3F7B8C64214A42A300F36277 /* YTNavigationViewController.m */; };
		3F7B8C68214A436200F36277 /* YTRootViewController.m in Sources */ = {isa = PBXBuildFile; fileRef = 3F7B8C67214A436200F36277 /* YTRootViewController.m */; };
		3F7B8C6B214A438100F36277 /* YTOneViewController.m in Sources */ = {isa = PBXBuildFile; fileRef = 3F7B8C6A214A438100F36277 /* YTOneViewController.m */; };
		3F7B8C6E214A438D00F36277 /* YTTwoViewController.m in Sources */ = {isa = PBXBuildFile; fileRef = 3F7B8C6D214A438D00F36277 /* YTTwoViewController.m */; };
		3F7B8C71214A448A00F36277 /* YTThreeViewController.m in Sources */ = {isa = PBXBuildFile; fileRef = 3F7B8C70214A448A00F36277 /* YTThreeViewController.m */; };
		3F7B8C74214A463800F36277 /* YTLeftViewController.m in Sources */ = {isa = PBXBuildFile; fileRef = 3F7B8C73214A463800F36277 /* YTLeftViewController.m */; };
		3F7B8C78214A46D000F36277 /* YTSidebarManager.m in Sources */ = {isa = PBXBuildFile; fileRef = 3F7B8C77214A46D000F36277 /* YTSidebarManager.m */; };
/* End PBXBuildFile section */

/* Begin PBXFileReference section */
		3F4531B3219289A900E7E320 /* YTLeftPushViewController.h */ = {isa = PBXFileReference; lastKnownFileType = sourcecode.c.h; path = YTLeftPushViewController.h; sourceTree = "<group>"; };
		3F4531B4219289A900E7E320 /* YTLeftPushViewController.m */ = {isa = PBXFileReference; lastKnownFileType = sourcecode.c.objc; path = YTLeftPushViewController.m; sourceTree = "<group>"; };
		3F7B8C47214A40AB00F36277 /* YTSidebarDemo.app */ = {isa = PBXFileReference; explicitFileType = wrapper.application; includeInIndex = 0; path = YTSidebarDemo.app; sourceTree = BUILT_PRODUCTS_DIR; };
		3F7B8C4A214A40AB00F36277 /* AppDelegate.h */ = {isa = PBXFileReference; lastKnownFileType = sourcecode.c.h; path = AppDelegate.h; sourceTree = "<group>"; };
		3F7B8C4B214A40AB00F36277 /* AppDelegate.m */ = {isa = PBXFileReference; lastKnownFileType = sourcecode.c.objc; path = AppDelegate.m; sourceTree = "<group>"; };
		3F7B8C4D214A40AB00F36277 /* ViewController.h */ = {isa = PBXFileReference; lastKnownFileType = sourcecode.c.h; path = ViewController.h; sourceTree = "<group>"; };
		3F7B8C4E214A40AB00F36277 /* ViewController.m */ = {isa = PBXFileReference; lastKnownFileType = sourcecode.c.objc; path = ViewController.m; sourceTree = "<group>"; };
		3F7B8C51214A40AB00F36277 /* Base */ = {isa = PBXFileReference; lastKnownFileType = file.storyboard; name = Base; path = Base.lproj/Main.storyboard; sourceTree = "<group>"; };
		3F7B8C53214A40AB00F36277 /* Assets.xcassets */ = {isa = PBXFileReference; lastKnownFileType = folder.assetcatalog; path = Assets.xcassets; sourceTree = "<group>"; };
		3F7B8C56214A40AB00F36277 /* Base */ = {isa = PBXFileReference; lastKnownFileType = file.storyboard; name = Base; path = Base.lproj/LaunchScreen.storyboard; sourceTree = "<group>"; };
		3F7B8C58214A40AB00F36277 /* Info.plist */ = {isa = PBXFileReference; lastKnownFileType = text.plist.xml; path = Info.plist; sourceTree = "<group>"; };
		3F7B8C59214A40AB00F36277 /* main.m */ = {isa = PBXFileReference; lastKnownFileType = sourcecode.c.objc; path = main.m; sourceTree = "<group>"; };
		3F7B8C60214A423B00F36277 /* YTTabBarViewController.h */ = {isa = PBXFileReference; lastKnownFileType = sourcecode.c.h; path = YTTabBarViewController.h; sourceTree = "<group>"; };
		3F7B8C61214A423B00F36277 /* YTTabBarViewController.m */ = {isa = PBXFileReference; lastKnownFileType = sourcecode.c.objc; path = YTTabBarViewController.m; sourceTree = "<group>"; };
		3F7B8C63214A42A300F36277 /* YTNavigationViewController.h */ = {isa = PBXFileReference; lastKnownFileType = sourcecode.c.h; path = YTNavigationViewController.h; sourceTree = "<group>"; };
		3F7B8C64214A42A300F36277 /* YTNavigationViewController.m */ = {isa = PBXFileReference; lastKnownFileType = sourcecode.c.objc; path = YTNavigationViewController.m; sourceTree = "<group>"; };
		3F7B8C66214A436200F36277 /* YTRootViewController.h */ = {isa = PBXFileReference; lastKnownFileType = sourcecode.c.h; path = YTRootViewController.h; sourceTree = "<group>"; };
		3F7B8C67214A436200F36277 /* YTRootViewController.m */ = {isa = PBXFileReference; lastKnownFileType = sourcecode.c.objc; path = YTRootViewController.m; sourceTree = "<group>"; };
		3F7B8C69214A438100F36277 /* YTOneViewController.h */ = {isa = PBXFileReference; lastKnownFileType = sourcecode.c.h; path = YTOneViewController.h; sourceTree = "<group>"; };
		3F7B8C6A214A438100F36277 /* YTOneViewController.m */ = {isa = PBXFileReference; lastKnownFileType = sourcecode.c.objc; path = YTOneViewController.m; sourceTree = "<group>"; };
		3F7B8C6C214A438D00F36277 /* YTTwoViewController.h */ = {isa = PBXFileReference; lastKnownFileType = sourcecode.c.h; path = YTTwoViewController.h; sourceTree = "<group>"; };
		3F7B8C6D214A438D00F36277 /* YTTwoViewController.m */ = {isa = PBXFileReference; lastKnownFileType = sourcecode.c.objc; path = YTTwoViewController.m; sourceTree = "<group>"; };
		3F7B8C6F214A448A00F36277 /* YTThreeViewController.h */ = {isa = PBXFileReference; lastKnownFileType = sourcecode.c.h; path = YTThreeViewController.h; sourceTree = "<group>"; };
		3F7B8C70214A448A00F36277 /* YTThreeViewController.m */ = {isa = PBXFileReference; lastKnownFileType = sourcecode.c.objc; path = YTThreeViewController.m; sourceTree = "<group>"; };
		3F7B8C72214A463800F36277 /* YTLeftViewController.h */ = {isa = PBXFileReference; lastKnownFileType = sourcecode.c.h; path = YTLeftViewController.h; sourceTree = "<group>"; };
		3F7B8C73214A463800F36277 /* YTLeftViewController.m */ = {isa = PBXFileReference; lastKnownFileType = sourcecode.c.objc; path = YTLeftViewController.m; sourceTree = "<group>"; };
		3F7B8C76214A46D000F36277 /* YTSidebarManager.h */ = {isa = PBXFileReference; lastKnownFileType = sourcecode.c.h; path = YTSidebarManager.h; sourceTree = "<group>"; };
		3F7B8C77214A46D000F36277 /* YTSidebarManager.m */ = {isa = PBXFileReference; lastKnownFileType = sourcecode.c.objc; path = YTSidebarManager.m; sourceTree = "<group>"; };
/* End PBXFileReference section */

/* Begin PBXFrameworksBuildPhase section */
		3F7B8C44214A40AB00F36277 /* Frameworks */ = {
			isa = PBXFrameworksBuildPhase;
			buildActionMask = 2147483647;
			files = (
			);
			runOnlyForDeploymentPostprocessing = 0;
		};
/* End PBXFrameworksBuildPhase section */

/* Begin PBXGroup section */
		3F7B8C3E214A40AB00F36277 = {
			isa = PBXGroup;
			children = (
				3F7B8C49214A40AB00F36277 /* YTSidebarDemo */,
				3F7B8C48214A40AB00F36277 /* Products */,
			);
			sourceTree = "<group>";
		};
		3F7B8C48214A40AB00F36277 /* Products */ = {
			isa = PBXGroup;
			children = (
				3F7B8C47214A40AB00F36277 /* YTSidebarDemo.app */,
			);
			name = Products;
			sourceTree = "<group>";
		};
		3F7B8C49214A40AB00F36277 /* YTSidebarDemo */ = {
			isa = PBXGroup;
			children = (
				3F7B8C75214A468A00F36277 /* YTSidebarManager */,
				3F7B8C4A214A40AB00F36277 /* AppDelegate.h */,
				3F7B8C4B214A40AB00F36277 /* AppDelegate.m */,
				3F7B8C4D214A40AB00F36277 /* ViewController.h */,
				3F7B8C4E214A40AB00F36277 /* ViewController.m */,
				3F7B8C60214A423B00F36277 /* YTTabBarViewController.h */,
				3F7B8C61214A423B00F36277 /* YTTabBarViewController.m */,
				3F7B8C63214A42A300F36277 /* YTNavigationViewController.h */,
				3F7B8C64214A42A300F36277 /* YTNavigationViewController.m */,
				3F7B8C66214A436200F36277 /* YTRootViewController.h */,
				3F7B8C67214A436200F36277 /* YTRootViewController.m */,
				3F7B8C69214A438100F36277 /* YTOneViewController.h */,
				3F7B8C6A214A438100F36277 /* YTOneViewController.m */,
				3F7B8C6C214A438D00F36277 /* YTTwoViewController.h */,
				3F7B8C6D214A438D00F36277 /* YTTwoViewController.m */,
				3F7B8C6F214A448A00F36277 /* YTThreeViewController.h */,
				3F7B8C70214A448A00F36277 /* YTThreeViewController.m */,
				3F7B8C72214A463800F36277 /* YTLeftViewController.h */,
				3F7B8C73214A463800F36277 /* YTLeftViewController.m */,
				3F4531B3219289A900E7E320 /* YTLeftPushViewController.h */,
				3F4531B4219289A900E7E320 /* YTLeftPushViewController.m */,
				3F7B8C50214A40AB00F36277 /* Main.storyboard */,
				3F7B8C53214A40AB00F36277 /* Assets.xcassets */,
				3F7B8C55214A40AB00F36277 /* LaunchScreen.storyboard */,
				3F7B8C58214A40AB00F36277 /* Info.plist */,
				3F7B8C59214A40AB00F36277 /* main.m */,
			);
			path = YTSidebarDemo;
			sourceTree = "<group>";
		};
		3F7B8C75214A468A00F36277 /* YTSidebarManager */ = {
			isa = PBXGroup;
			children = (
				3F7B8C76214A46D000F36277 /* YTSidebarManager.h */,
				3F7B8C77214A46D000F36277 /* YTSidebarManager.m */,
			);
			path = YTSidebarManager;
			sourceTree = "<group>";
		};
/* End PBXGroup section */

/* Begin PBXNativeTarget section */
		3F7B8C46214A40AB00F36277 /* YTSidebarDemo */ = {
			isa = PBXNativeTarget;
			buildConfigurationList = 3F7B8C5D214A40AB00F36277 /* Build configuration list for PBXNativeTarget "YTSidebarDemo" */;
			buildPhases = (
				3F7B8C43214A40AB00F36277 /* Sources */,
				3F7B8C44214A40AB00F36277 /* Frameworks */,
				3F7B8C45214A40AB00F36277 /* Resources */,
			);
			buildRules = (
			);
			dependencies = (
			);
			name = YTSidebarDemo;
			productName = YTSidebarDemo;
			productReference = 3F7B8C47214A40AB00F36277 /* YTSidebarDemo.app */;
			productType = "com.apple.product-type.application";
		};
/* End PBXNativeTarget section */

/* Begin PBXProject section */
		3F7B8C3F214A40AB00F36277 /* Project object */ = {
			isa = PBXProject;
			attributes = {
				LastUpgradeCheck = 0920;
				ORGANIZATIONNAME = "水晶岛";
				TargetAttributes = {
					3F7B8C46214A40AB00F36277 = {
						CreatedOnToolsVersion = 9.2;
						ProvisioningStyle = Automatic;
					};
				};
			};
			buildConfigurationList = 3F7B8C42214A40AB00F36277 /* Build configuration list for PBXProject "YTSidebarDemo" */;
			compatibilityVersion = "Xcode 8.0";
			developmentRegion = en;
			hasScannedForEncodings = 0;
			knownRegions = (
				en,
				Base,
			);
			mainGroup = 3F7B8C3E214A40AB00F36277;
			productRefGroup = 3F7B8C48214A40AB00F36277 /* Products */;
			projectDirPath = "";
			projectRoot = "";
			targets = (
				3F7B8C46214A40AB00F36277 /* YTSidebarDemo */,
			);
		};
/* End PBXProject section */

/* Begin PBXResourcesBuildPhase section */
		3F7B8C45214A40AB00F36277 /* Resources */ = {
			isa = PBXResourcesBuildPhase;
			buildActionMask = 2147483647;
			files = (
				3F7B8C57214A40AB00F36277 /* LaunchScreen.storyboard in Resources */,
				3F7B8C54214A40AB00F36277 /* Assets.xcassets in Resources */,
				3F7B8C52214A40AB00F36277 /* Main.storyboard in Resources */,
			);
			runOnlyForDeploymentPostprocessing = 0;
		};
/* End PBXResourcesBuildPhase section */

/* Begin PBXSourcesBuildPhase section */
		3F7B8C43214A40AB00F36277 /* Sources */ = {
			isa = PBXSourcesBuildPhase;
			buildActionMask = 2147483647;
			files = (
				3F7B8C65214A42A300F36277 /* YTNavigationViewController.m in Sources */,
				3F7B8C4F214A40AB00F36277 /* ViewController.m in Sources */,
				3F7B8C74214A463800F36277 /* YTLeftViewController.m in Sources */,
				3F7B8C5A214A40AB00F36277 /* main.m in Sources */,
				3F7B8C68214A436200F36277 /* YTRootViewController.m in Sources */,
				3F7B8C4C214A40AB00F36277 /* AppDelegate.m in Sources */,
				3F7B8C62214A423B00F36277 /* YTTabBarViewController.m in Sources */,
				3F7B8C6E214A438D00F36277 /* YTTwoViewController.m in Sources */,
				3F4531B5219289A900E7E320 /* YTLeftPushViewController.m in Sources */,
				3F7B8C78214A46D000F36277 /* YTSidebarManager.m in Sources */,
				3F7B8C71214A448A00F36277 /* YTThreeViewController.m in Sources */,
				3F7B8C6B214A438100F36277 /* YTOneViewController.m in Sources */,
			);
			runOnlyForDeploymentPostprocessing = 0;
		};
/* End PBXSourcesBuildPhase section */

/* Begin PBXVariantGroup section */
		3F7B8C50214A40AB00F36277 /* Main.storyboard */ = {
			isa = PBXVariantGroup;
			children = (
				3F7B8C51214A40AB00F36277 /* Base */,
			);
			name = Main.storyboard;
			sourceTree = "<group>";
		};
		3F7B8C55214A40AB00F36277 /* LaunchScreen.storyboard */ = {
			isa = PBXVariantGroup;
			children = (
				3F7B8C56214A40AB00F36277 /* Base */,
			);
			name = LaunchScreen.storyboard;
			sourceTree = "<group>";
		};
/* End PBXVariantGroup section */

/* Begin XCBuildConfiguration section */
		3F7B8C5B214A40AB00F36277 /* Debug */ = {
			isa = XCBuildConfiguration;
			buildSettings = {
				ALWAYS_SEARCH_USER_PATHS = NO;
				CLANG_ANALYZER_NONNULL = YES;
				CLANG_ANALYZER_NUMBER_OBJECT_CONVERSION = YES_AGGRESSIVE;
				CLANG_CXX_LANGUAGE_STANDARD = "gnu++14";
				CLANG_CXX_LIBRARY = "libc++";
				CLANG_ENABLE_MODULES = YES;
				CLANG_ENABLE_OBJC_ARC = YES;
				CLANG_WARN_BLOCK_CAPTURE_AUTORELEASING = YES;
				CLANG_WARN_BOOL_CONVERSION = YES;
				CLANG_WARN_COMMA = YES;
				CLANG_WARN_CONSTANT_CONVERSION = YES;
				CLANG_WARN_DIRECT_OBJC_ISA_USAGE = YES_ERROR;
				CLANG_WARN_DOCUMENTATION_COMMENTS = YES;
				CLANG_WARN_EMPTY_BODY = YES;
				CLANG_WARN_ENUM_CONVERSION = YES;
				CLANG_WARN_INFINITE_RECURSION = YES;
				CLANG_WARN_INT_CONVERSION = YES;
				CLANG_WARN_NON_LITERAL_NULL_CONVERSION = YES;
				CLANG_WARN_OBJC_LITERAL_CONVERSION = YES;
				CLANG_WARN_OBJC_ROOT_CLASS = YES_ERROR;
				CLANG_WARN_RANGE_LOOP_ANALYSIS = YES;
				CLANG_WARN_STRICT_PROTOTYPES = YES;
				CLANG_WARN_SUSPICIOUS_MOVE = YES;
				CLANG_WARN_UNGUARDED_AVAILABILITY = YES_AGGRESSIVE;
				CLANG_WARN_UNREACHABLE_CODE = YES;
				CLANG_WARN__DUPLICATE_METHOD_MATCH = YES;
				CODE_SIGN_IDENTITY = "iPhone Developer";
				COPY_PHASE_STRIP = NO;
				DEBUG_INFORMATION_FORMAT = dwarf;
				ENABLE_STRICT_OBJC_MSGSEND = YES;
				ENABLE_TESTABILITY = YES;
				GCC_C_LANGUAGE_STANDARD = gnu11;
				GCC_DYNAMIC_NO_PIC = NO;
				GCC_NO_COMMON_BLOCKS = YES;
				GCC_OPTIMIZATION_LEVEL = 0;
				GCC_PREPROCESSOR_DEFINITIONS = (
					"DEBUG=1",
					"$(inherited)",
				);
				GCC_WARN_64_TO_32_BIT_CONVERSION = YES;
				GCC_WARN_ABOUT_RETURN_TYPE = YES_ERROR;
				GCC_WARN_UNDECLARED_SELECTOR = YES;
				GCC_WARN_UNINITIALIZED_AUTOS = YES_AGGRESSIVE;
				GCC_WARN_UNUSED_FUNCTION = YES;
				GCC_WARN_UNUSED_VARIABLE = YES;
				IPHONEOS_DEPLOYMENT_TARGET = 11.2;
				MTL_ENABLE_DEBUG_INFO = YES;
				ONLY_ACTIVE_ARCH = YES;
				SDKROOT = iphoneos;
			};
			name = Debug;
		};
		3F7B8C5C214A40AB00F36277 /* Release */ = {
			isa = XCBuildConfiguration;
			buildSettings = {
				ALWAYS_SEARCH_USER_PATHS = NO;
				CLANG_ANALYZER_NONNULL = YES;
				CLANG_ANALYZER_NUMBER_OBJECT_CONVERSION = YES_AGGRESSIVE;
				CLANG_CXX_LANGUAGE_STANDARD = "gnu++14";
				CLANG_CXX_LIBRARY = "libc++";
				CLANG_ENABLE_MODULES = YES;
				CLANG_ENABLE_OBJC_ARC = YES;
				CLANG_WARN_BLOCK_CAPTURE_AUTORELEASING = YES;
				CLANG_WARN_BOOL_CONVERSION = YES;
				CLANG_WARN_COMMA = YES;
				CLANG_WARN_CONSTANT_CONVERSION = YES;
				CLANG_WARN_DIRECT_OBJC_ISA_USAGE = YES_ERROR;
				CLANG_WARN_DOCUMENTATION_COMMENTS = YES;
				CLANG_WARN_EMPTY_BODY = YES;
				CLANG_WARN_ENUM_CONVERSION = YES;
				CLANG_WARN_INFINITE_RECURSION = YES;
				CLANG_WARN_INT_CONVERSION = YES;
				CLANG_WARN_NON_LITERAL_NULL_CONVERSION = YES;
				CLANG_WARN_OBJC_LITERAL_CONVERSION = YES;
				CLANG_WARN_OBJC_ROOT_CLASS = YES_ERROR;
				CLANG_WARN_RANGE_LOOP_ANALYSIS = YES;
				CLANG_WARN_STRICT_PROTOTYPES = YES;
				CLANG_WARN_SUSPICIOUS_MOVE = YES;
				CLANG_WARN_UNGUARDED_AVAILABILITY = YES_AGGRESSIVE;
				CLANG_WARN_UNREACHABLE_CODE = YES;
				CLANG_WARN__DUPLICATE_METHOD_MATCH = YES;
				CODE_SIGN_IDENTITY = "iPhone Developer";
				COPY_PHASE_STRIP = NO;
				DEBUG_INFORMATION_FORMAT = "dwarf-with-dsym";
				ENABLE_NS_ASSERTIONS = NO;
				ENABLE_STRICT_OBJC_MSGSEND = YES;
				GCC_C_LANGUAGE_STANDARD = gnu11;
				GCC_NO_COMMON_BLOCKS = YES;
				GCC_WARN_64_TO_32_BIT_CONVERSION = YES;
				GCC_WARN_ABOUT_RETURN_TYPE = YES_ERROR;
				GCC_WARN_UNDECLARED_SELECTOR = YES;
				GCC_WARN_UNINITIALIZED_AUTOS = YES_AGGRESSIVE;
				GCC_WARN_UNUSED_FUNCTION = YES;
				GCC_WARN_UNUSED_VARIABLE = YES;
				IPHONEOS_DEPLOYMENT_TARGET = 11.2;
				MTL_ENABLE_DEBUG_INFO = NO;
				SDKROOT = iphoneos;
				VALIDATE_PRODUCT = YES;
			};
			name = Release;
		};
		3F7B8C5E214A40AB00F36277 /* Debug */ = {
			isa = XCBuildConfiguration;
			buildSettings = {
				ASSETCATALOG_COMPILER_APPICON_NAME = AppIcon;
				CODE_SIGN_STYLE = Automatic;
				DEVELOPMENT_TEAM = D5TCTELK25;
				INFOPLIST_FILE = YTSidebarDemo/Info.plist;
				IPHONEOS_DEPLOYMENT_TARGET = 8.0;
				LD_RUNPATH_SEARCH_PATHS = "$(inherited) @executable_path/Frameworks";
				PRODUCT_BUNDLE_IDENTIFIER = com.CrystalIsland.YTSidebarDemo;
				PRODUCT_NAME = "$(TARGET_NAME)";
				TARGETED_DEVICE_FAMILY = 1;
			};
			name = Debug;
		};
		3F7B8C5F214A40AB00F36277 /* Release */ = {
			isa = XCBuildConfiguration;
			buildSettings = {
				ASSETCATALOG_COMPILER_APPICON_NAME = AppIcon;
				CODE_SIGN_STYLE = Automatic;
				DEVELOPMENT_TEAM = D5TCTELK25;
				INFOPLIST_FILE = YTSidebarDemo/Info.plist;
				IPHONEOS_DEPLOYMENT_TARGET = 8.0;
				LD_RUNPATH_SEARCH_PATHS = "$(inherited) @executable_path/Frameworks";
				PRODUCT_BUNDLE_IDENTIFIER = com.CrystalIsland.YTSidebarDemo;
				PRODUCT_NAME = "$(TARGET_NAME)";
				TARGETED_DEVICE_FAMILY = 1;
			};
			name = Release;
		};
/* End XCBuildConfiguration section */

/* Begin XCConfigurationList section */
		3F7B8C42214A40AB00F36277 /* Build configuration list for PBXProject "YTSidebarDemo" */ = {
			isa = XCConfigurationList;
			buildConfigurations = (
				3F7B8C5B214A40AB00F36277 /* Debug */,
				3F7B8C5C214A40AB00F36277 /* Release */,
			);
			defaultConfigurationIsVisible = 0;
			defaultConfigurationName = Release;
		};
		3F7B8C5D214A40AB00F36277 /* Build configuration list for PBXNativeTarget "YTSidebarDemo" */ = {
			isa = XCConfigurationList;
			buildConfigurations = (
				3F7B8C5E214A40AB00F36277 /* Debug */,
				3F7B8C5F214A40AB00F36277 /* Release */,
			);
			defaultConfigurationIsVisible = 0;
			defaultConfigurationName = Release;
		};
/* End XCConfigurationList section */
	};
	rootObject = 3F7B8C3F214A40AB00F36277 /* Project object */;
}
